
Microsoft Visual Studio Solution File, Format Version 12.00
# Visual Studio Version 17
VisualStudioVersion = 17.5.33502.453
MinimumVisualStudioVersion = 10.0.40219.1
Project("{FAE04EC0-301F-11D3-BF4B-00C04F79EFBC}") = "EjHerenciaEnCasa", "EjHerenciaEnCasa\EjHerenciaEnCasa.csproj", "{198CD6CB-4B53-412B-A91C-845FFB63E665}"
EndProject
Global
	GlobalSection(SolutionConfigurationPlatforms) = preSolution
		Debug|Any CPU = Debug|Any CPU
		Release|Any CPU = Release|Any CPU
	EndGlobalSection
	GlobalSection(ProjectConfigurationPlatforms) = postSolution
		{198CD6CB-4B53-412B-A91C-845FFB63E665}.Debug|Any CPU.ActiveCfg = Debug|Any CPU
		{198CD6CB-4B53-412B-A91C-845FFB63E665}.Debug|Any CPU.Build.0 = Debug|Any CPU
		{198CD6CB-4B53-412B-A91C-845FFB63E665}.Release|Any CPU.ActiveCfg = Release|Any CPU
		{198CD6CB-4B53-412B-A91C-845FFB63E665}.Release|Any CPU.Build.0 = Release|Any CPU
	EndGlobalSection
	GlobalSection(SolutionProperties) = preSolution
		HideSolutionNode = FALSE
	EndGlobalSection
	GlobalSection(ExtensibilityGlobals) = postSolution
		SolutionGuid = {55CB5880-84A9-4CB0-9B97-E2539F735432}
	EndGlobalSection
EndGlobal
